
Microsoft Visual Studio Solution File, Format Version 12.00
# Visual Studio Version 17
VisualStudioVersion = 17.5.002.0
MinimumVisualStudioVersion = 10.0.40219.1
Project("{9A19103F-16F7-4668-BE54-9A1E7A4F7556}") = "TechnicalAxos", "TechnicalAxos\TechnicalAxos.csproj", "{B2FD3023-D1E1-48A3-B2F8-6ADFCCA3CF1E}"
EndProject
Project("{9A19103F-16F7-4668-BE54-9A1E7A4F7556}") = "TechnicalAxosModels", "TechnicalAxosModels\TechnicalAxosModels.csproj", "{64249F8C-298B-4DDB-A507-7465EA6D68C9}"
EndProject
Project("{9A19103F-16F7-4668-BE54-9A1E7A4F7556}") = "TechnicalAxosServices", "TechnicalAxosServices\TechnicalAxosServices.csproj", "{31D73342-E84C-4759-89F4-F020E8C72FA8}"
EndProject
Project("{9A19103F-16F7-4668-BE54-9A1E7A4F7556}") = "TechnicalAxosTest", "TechnicalAxosTest\TechnicalAxosTest.csproj", "{29C86B18-B473-413B-B09D-84D250AA7C5D}"
EndProject
Global
	GlobalSection(SolutionConfigurationPlatforms) = preSolution
		Debug|Any CPU = Debug|Any CPU
		Release|Any CPU = Release|Any CPU
	EndGlobalSection
	GlobalSection(ProjectConfigurationPlatforms) = postSolution
		{B2FD3023-D1E1-48A3-B2F8-6ADFCCA3CF1E}.Debug|Any CPU.ActiveCfg = Debug|Any CPU
		{B2FD3023-D1E1-48A3-B2F8-6ADFCCA3CF1E}.Debug|Any CPU.Build.0 = Debug|Any CPU
		{B2FD3023-D1E1-48A3-B2F8-6ADFCCA3CF1E}.Debug|Any CPU.Deploy.0 = Debug|Any CPU
		{B2FD3023-D1E1-48A3-B2F8-6ADFCCA3CF1E}.Release|Any CPU.ActiveCfg = Release|Any CPU
		{B2FD3023-D1E1-48A3-B2F8-6ADFCCA3CF1E}.Release|Any CPU.Build.0 = Release|Any CPU
		{B2FD3023-D1E1-48A3-B2F8-6ADFCCA3CF1E}.Release|Any CPU.Deploy.0 = Release|Any CPU
		{64249F8C-298B-4DDB-A507-7465EA6D68C9}.Debug|Any CPU.ActiveCfg = Debug|Any CPU
		{64249F8C-298B-4DDB-A507-7465EA6D68C9}.Debug|Any CPU.Build.0 = Debug|Any CPU
		{64249F8C-298B-4DDB-A507-7465EA6D68C9}.Release|Any CPU.ActiveCfg = Release|Any CPU
		{64249F8C-298B-4DDB-A507-7465EA6D68C9}.Release|Any CPU.Build.0 = Release|Any CPU
		{31D73342-E84C-4759-89F4-F020E8C72FA8}.Debug|Any CPU.ActiveCfg = Debug|Any CPU
		{31D73342-E84C-4759-89F4-F020E8C72FA8}.Debug|Any CPU.Build.0 = Debug|Any CPU
		{31D73342-E84C-4759-89F4-F020E8C72FA8}.Release|Any CPU.ActiveCfg = Release|Any CPU
		{31D73342-E84C-4759-89F4-F020E8C72FA8}.Release|Any CPU.Build.0 = Release|Any CPU
		{29C86B18-B473-413B-B09D-84D250AA7C5D}.Debug|Any CPU.ActiveCfg = Debug|Any CPU
		{29C86B18-B473-413B-B09D-84D250AA7C5D}.Debug|Any CPU.Build.0 = Debug|Any CPU
		{29C86B18-B473-413B-B09D-84D250AA7C5D}.Release|Any CPU.ActiveCfg = Release|Any CPU
		{29C86B18-B473-413B-B09D-84D250AA7C5D}.Release|Any CPU.Build.0 = Release|Any CPU
	EndGlobalSection
	GlobalSection(SolutionProperties) = preSolution
		HideSolutionNode = FALSE
	EndGlobalSection
	GlobalSection(ExtensibilityGlobals) = postSolution
		SolutionGuid = {4CD479FD-77A8-4785-A142-503A689332C0}
	EndGlobalSection
EndGlobal
